
Microsoft Visual Studio Solution File, Format Version 12.00
# Visual Studio Version 16
VisualStudioVersion = 16.0.31624.102
MinimumVisualStudioVersion = 10.0.40219.1
Project("{FAE04EC0-301F-11D3-BF4B-00C04F79EFBC}") = "StatusBar.Android", "StatusBar\StatusBar.Android\StatusBar.Android.csproj", "{D0FE6B20-86EB-4EF1-B38E-A5730AC9C1E6}"
EndProject
Project("{FAE04EC0-301F-11D3-BF4B-00C04F79EFBC}") = "StatusBar.iOS", "StatusBar\StatusBar.iOS\StatusBar.iOS.csproj", "{637C5ACF-2D9A-41DE-85DE-6218FB45E40F}"
EndProject
Project("{FAE04EC0-301F-11D3-BF4B-00C04F79EFBC}") = "StatusBar", "StatusBar\StatusBar\StatusBar.csproj", "{8C34FE0D-6C1A-46C9-A1C2-187F5C857E5E}"
EndProject
Global
	GlobalSection(SolutionConfigurationPlatforms) = preSolution
		Debug|Any CPU = Debug|Any CPU
		Debug|iPhone = Debug|iPhone
		Debug|iPhoneSimulator = Debug|iPhoneSimulator
		Release|Any CPU = Release|Any CPU
		Release|iPhone = Release|iPhone
		Release|iPhoneSimulator = Release|iPhoneSimulator
	EndGlobalSection
	GlobalSection(ProjectConfigurationPlatforms) = postSolution
		{D0FE6B20-86EB-4EF1-B38E-A5730AC9C1E6}.Debug|Any CPU.ActiveCfg = Debug|Any CPU
		{D0FE6B20-86EB-4EF1-B38E-A5730AC9C1E6}.Debug|Any CPU.Build.0 = Debug|Any CPU
		{D0FE6B20-86EB-4EF1-B38E-A5730AC9C1E6}.Debug|Any CPU.Deploy.0 = Debug|Any CPU
		{D0FE6B20-86EB-4EF1-B38E-A5730AC9C1E6}.Debug|iPhone.ActiveCfg = Debug|Any CPU
		{D0FE6B20-86EB-4EF1-B38E-A5730AC9C1E6}.Debug|iPhone.Build.0 = Debug|Any CPU
		{D0FE6B20-86EB-4EF1-B38E-A5730AC9C1E6}.Debug|iPhone.Deploy.0 = Debug|Any CPU
		{D0FE6B20-86EB-4EF1-B38E-A5730AC9C1E6}.Debug|iPhoneSimulator.ActiveCfg = Debug|Any CPU
		{D0FE6B20-86EB-4EF1-B38E-A5730AC9C1E6}.Debug|iPhoneSimulator.Build.0 = Debug|Any CPU
		{D0FE6B20-86EB-4EF1-B38E-A5730AC9C1E6}.Debug|iPhoneSimulator.Deploy.0 = Debug|Any CPU
		{D0FE6B20-86EB-4EF1-B38E-A5730AC9C1E6}.Release|Any CPU.ActiveCfg = Release|Any CPU
		{D0FE6B20-86EB-4EF1-B38E-A5730AC9C1E6}.Release|Any CPU.Build.0 = Release|Any CPU
		{D0FE6B20-86EB-4EF1-B38E-A5730AC9C1E6}.Release|Any CPU.Deploy.0 = Release|Any CPU
		{D0FE6B20-86EB-4EF1-B38E-A5730AC9C1E6}.Release|iPhone.ActiveCfg = Release|Any CPU
		{D0FE6B20-86EB-4EF1-B38E-A5730AC9C1E6}.Release|iPhone.Build.0 = Release|Any CPU
		{D0FE6B20-86EB-4EF1-B38E-A5730AC9C1E6}.Release|iPhone.Deploy.0 = Release|Any CPU
		{D0FE6B20-86EB-4EF1-B38E-A5730AC9C1E6}.Release|iPhoneSimulator.ActiveCfg = Release|Any CPU
		{D0FE6B20-86EB-4EF1-B38E-A5730AC9C1E6}.Release|iPhoneSimulator.Build.0 = Release|Any CPU
		{D0FE6B20-86EB-4EF1-B38E-A5730AC9C1E6}.Release|iPhoneSimulator.Deploy.0 = Release|Any CPU
		{637C5ACF-2D9A-41DE-85DE-6218FB45E40F}.Debug|Any CPU.ActiveCfg = Debug|iPhone
		{637C5ACF-2D9A-41DE-85DE-6218FB45E40F}.Debug|Any CPU.Build.0 = Debug|iPhone
		{637C5ACF-2D9A-41DE-85DE-6218FB45E40F}.Debug|Any CPU.Deploy.0 = Debug|iPhone
		{637C5ACF-2D9A-41DE-85DE-6218FB45E40F}.Debug|iPhone.ActiveCfg = Debug|iPhone
		{637C5ACF-2D9A-41DE-85DE-6218FB45E40F}.Debug|iPhone.Build.0 = Debug|iPhone
		{637C5ACF-2D9A-41DE-85DE-6218FB45E40F}.Debug|iPhone.Deploy.0 = Debug|iPhone
		{637C5ACF-2D9A-41DE-85DE-6218FB45E40F}.Debug|iPhoneSimulator.ActiveCfg = Debug|iPhoneSimulator
		{637C5ACF-2D9A-41DE-85DE-6218FB45E40F}.Debug|iPhoneSimulator.Build.0 = Debug|iPhoneSimulator
		{637C5ACF-2D9A-41DE-85DE-6218FB45E40F}.Debug|iPhoneSimulator.Deploy.0 = Debug|iPhoneSimulator
		{637C5ACF-2D9A-41DE-85DE-6218FB45E40F}.Release|Any CPU.ActiveCfg = Release|iPhoneSimulator
		{637C5ACF-2D9A-41DE-85DE-6218FB45E40F}.Release|Any CPU.Build.0 = Release|iPhoneSimulator
		{637C5ACF-2D9A-41DE-85DE-6218FB45E40F}.Release|Any CPU.Deploy.0 = Release|iPhoneSimulator
		{637C5ACF-2D9A-41DE-85DE-6218FB45E40F}.Release|iPhone.ActiveCfg = Release|iPhone
		{637C5ACF-2D9A-41DE-85DE-6218FB45E40F}.Release|iPhone.Build.0 = Release|iPhone
		{637C5ACF-2D9A-41DE-85DE-6218FB45E40F}.Release|iPhone.Deploy.0 = Release|iPhone
		{637C5ACF-2D9A-41DE-85DE-6218FB45E40F}.Release|iPhoneSimulator.ActiveCfg = Release|iPhoneSimulator
		{637C5ACF-2D9A-41DE-85DE-6218FB45E40F}.Release|iPhoneSimulator.Build.0 = Release|iPhoneSimulator
		{637C5ACF-2D9A-41DE-85DE-6218FB45E40F}.Release|iPhoneSimulator.Deploy.0 = Release|iPhoneSimulator
		{8C34FE0D-6C1A-46C9-A1C2-187F5C857E5E}.Debug|Any CPU.ActiveCfg = Debug|Any CPU
		{8C34FE0D-6C1A-46C9-A1C2-187F5C857E5E}.Debug|Any CPU.Build.0 = Debug|Any CPU
		{8C34FE0D-6C1A-46C9-A1C2-187F5C857E5E}.Debug|Any CPU.Deploy.0 = Debug|Any CPU
		{8C34FE0D-6C1A-46C9-A1C2-187F5C857E5E}.Debug|iPhone.ActiveCfg = Debug|Any CPU
		{8C34FE0D-6C1A-46C9-A1C2-187F5C857E5E}.Debug|iPhone.Build.0 = Debug|Any CPU
		{8C34FE0D-6C1A-46C9-A1C2-187F5C857E5E}.Debug|iPhone.Deploy.0 = Debug|Any CPU
		{8C34FE0D-6C1A-46C9-A1C2-187F5C857E5E}.Debug|iPhoneSimulator.ActiveCfg = Debug|Any CPU
		{8C34FE0D-6C1A-46C9-A1C2-187F5C857E5E}.Debug|iPhoneSimulator.Build.0 = Debug|Any CPU
		{8C34FE0D-6C1A-46C9-A1C2-187F5C857E5E}.Debug|iPhoneSimulator.Deploy.0 = Debug|Any CPU
		{8C34FE0D-6C1A-46C9-A1C2-187F5C857E5E}.Release|Any CPU.ActiveCfg = Release|Any CPU
		{8C34FE0D-6C1A-46C9-A1C2-187F5C857E5E}.Release|Any CPU.Build.0 = Release|Any CPU
		{8C34FE0D-6C1A-46C9-A1C2-187F5C857E5E}.Release|Any CPU.Deploy.0 = Release|Any CPU
		{8C34FE0D-6C1A-46C9-A1C2-187F5C857E5E}.Release|iPhone.ActiveCfg = Release|Any CPU
		{8C34FE0D-6C1A-46C9-A1C2-187F5C857E5E}.Release|iPhone.Build.0 = Release|Any CPU
		{8C34FE0D-6C1A-46C9-A1C2-187F5C857E5E}.Release|iPhone.Deploy.0 = Release|Any CPU
		{8C34FE0D-6C1A-46C9-A1C2-187F5C857E5E}.Release|iPhoneSimulator.ActiveCfg = Release|Any CPU
		{8C34FE0D-6C1A-46C9-A1C2-187F5C857E5E}.Release|iPhoneSimulator.Build.0 = Release|Any CPU
		{8C34FE0D-6C1A-46C9-A1C2-187F5C857E5E}.Release|iPhoneSimulator.Deploy.0 = Release|Any CPU
	EndGlobalSection
	GlobalSection(SolutionProperties) = preSolution
		HideSolutionNode = FALSE
	EndGlobalSection
	GlobalSection(ExtensibilityGlobals) = postSolution
		SolutionGuid = {3B808BFC-13EA-43E9-9638-DC89107D98D8}
	EndGlobalSection
EndGlobal
